
Microsoft Visual Studio Solution File, Format Version 12.00
# Visual Studio Version 17
VisualStudioVersion = 17.9.34714.143
MinimumVisualStudioVersion = 10.0.40219.1
Project("{FAE04EC0-301F-11D3-BF4B-00C04F79EFBC}") = "WorkWhiz.API", "WorkWhiz.API\WorkWhiz.API.csproj", "{BEE9FB8F-880D-4EA4-86AB-A70496892331}"
	ProjectSection(ProjectDependencies) = postProject
		{FA7B07EB-448A-4B21-A3AA-14ADAA89C0C7} = {FA7B07EB-448A-4B21-A3AA-14ADAA89C0C7}
	EndProjectSection
EndProject
Project("{FAE04EC0-301F-11D3-BF4B-00C04F79EFBC}") = "WorkWhiz.Core", "WorkWhiz.Core\WorkWhiz.Core.csproj", "{FA7B07EB-448A-4B21-A3AA-14ADAA89C0C7}"
EndProject
Project("{FAE04EC0-301F-11D3-BF4B-00C04F79EFBC}") = "WorkWhiz.Infraestructure", "WorkWhiz.Infraestructure\WorkWhiz.Infraestructure.csproj", "{384050D8-1A26-43E5-8E75-D796E6648DE9}"
EndProject
Project("{2150E333-8FDC-42A3-9474-1A3956D46DE8}") = "src", "src", "{F726D9B6-9B73-46A0-9711-FC55DA8F4C33}"
EndProject
Project("{2150E333-8FDC-42A3-9474-1A3956D46DE8}") = "test", "test", "{5E30FA22-BC22-4C4A-9896-3CC6E5232F37}"
EndProject
Project("{FAE04EC0-301F-11D3-BF4B-00C04F79EFBC}") = "WorkWhiz.UnitTest", "WorkWhiz.UnitTest\WorkWhiz.UnitTest.csproj", "{312CF50A-8C06-417D-9097-BB8FA6B1C7D1}"
EndProject
Global
	GlobalSection(SolutionConfigurationPlatforms) = preSolution
		Debug|Any CPU = Debug|Any CPU
		Release|Any CPU = Release|Any CPU
	EndGlobalSection
	GlobalSection(ProjectConfigurationPlatforms) = postSolution
		{BEE9FB8F-880D-4EA4-86AB-A70496892331}.Debug|Any CPU.ActiveCfg = Debug|Any CPU
		{BEE9FB8F-880D-4EA4-86AB-A70496892331}.Debug|Any CPU.Build.0 = Debug|Any CPU
		{BEE9FB8F-880D-4EA4-86AB-A70496892331}.Release|Any CPU.ActiveCfg = Release|Any CPU
		{BEE9FB8F-880D-4EA4-86AB-A70496892331}.Release|Any CPU.Build.0 = Release|Any CPU
		{FA7B07EB-448A-4B21-A3AA-14ADAA89C0C7}.Debug|Any CPU.ActiveCfg = Debug|Any CPU
		{FA7B07EB-448A-4B21-A3AA-14ADAA89C0C7}.Debug|Any CPU.Build.0 = Debug|Any CPU
		{FA7B07EB-448A-4B21-A3AA-14ADAA89C0C7}.Release|Any CPU.ActiveCfg = Release|Any CPU
		{FA7B07EB-448A-4B21-A3AA-14ADAA89C0C7}.Release|Any CPU.Build.0 = Release|Any CPU
		{384050D8-1A26-43E5-8E75-D796E6648DE9}.Debug|Any CPU.ActiveCfg = Debug|Any CPU
		{384050D8-1A26-43E5-8E75-D796E6648DE9}.Debug|Any CPU.Build.0 = Debug|Any CPU
		{384050D8-1A26-43E5-8E75-D796E6648DE9}.Release|Any CPU.ActiveCfg = Release|Any CPU
		{384050D8-1A26-43E5-8E75-D796E6648DE9}.Release|Any CPU.Build.0 = Release|Any CPU
		{312CF50A-8C06-417D-9097-BB8FA6B1C7D1}.Debug|Any CPU.ActiveCfg = Debug|Any CPU
		{312CF50A-8C06-417D-9097-BB8FA6B1C7D1}.Debug|Any CPU.Build.0 = Debug|Any CPU
		{312CF50A-8C06-417D-9097-BB8FA6B1C7D1}.Release|Any CPU.ActiveCfg = Release|Any CPU
		{312CF50A-8C06-417D-9097-BB8FA6B1C7D1}.Release|Any CPU.Build.0 = Release|Any CPU
	EndGlobalSection
	GlobalSection(SolutionProperties) = preSolution
		HideSolutionNode = FALSE
	EndGlobalSection
	GlobalSection(NestedProjects) = preSolution
		{BEE9FB8F-880D-4EA4-86AB-A70496892331} = {F726D9B6-9B73-46A0-9711-FC55DA8F4C33}
		{FA7B07EB-448A-4B21-A3AA-14ADAA89C0C7} = {F726D9B6-9B73-46A0-9711-FC55DA8F4C33}
		{384050D8-1A26-43E5-8E75-D796E6648DE9} = {F726D9B6-9B73-46A0-9711-FC55DA8F4C33}
		{312CF50A-8C06-417D-9097-BB8FA6B1C7D1} = {5E30FA22-BC22-4C4A-9896-3CC6E5232F37}
	EndGlobalSection
	GlobalSection(ExtensibilityGlobals) = postSolution
		SolutionGuid = {98DEFD5D-9224-499A-BC69-AC060DE2ADA5}
	EndGlobalSection
EndGlobal
